
Microsoft Visual Studio Solution File, Format Version 12.00
# Visual Studio Version 17
VisualStudioVersion = 17.0.31912.275
MinimumVisualStudioVersion = 10.0.40219.1
Project("{FAE04EC0-301F-11D3-BF4B-00C04F79EFBC}") = "EAD_Ca3", "EAD_Ca3\EAD_Ca3.csproj", "{DC539AE2-031B-46FA-8951-132D84C475A2}"
EndProject
Global
	GlobalSection(SolutionConfigurationPlatforms) = preSolution
		Debug|Any CPU = Debug|Any CPU
		Release|Any CPU = Release|Any CPU
	EndGlobalSection
	GlobalSection(ProjectConfigurationPlatforms) = postSolution
		{DC539AE2-031B-46FA-8951-132D84C475A2}.Debug|Any CPU.ActiveCfg = Debug|Any CPU
		{DC539AE2-031B-46FA-8951-132D84C475A2}.Debug|Any CPU.Build.0 = Debug|Any CPU
		{DC539AE2-031B-46FA-8951-132D84C475A2}.Release|Any CPU.ActiveCfg = Release|Any CPU
		{DC539AE2-031B-46FA-8951-132D84C475A2}.Release|Any CPU.Build.0 = Release|Any CPU
	EndGlobalSection
	GlobalSection(SolutionProperties) = preSolution
		HideSolutionNode = FALSE
	EndGlobalSection
	GlobalSection(ExtensibilityGlobals) = postSolution
		SolutionGuid = {38757782-3ABF-44C9-AC03-985EC7F1100C}
	EndGlobalSection
EndGlobal
